{
  "name": "codingphase-dev-kit",
  "version": "4.0.2",
  "lockfileVersion": 1,
  "requires": true,
  "dependencies": {
    "bootstrap": {
      "version": "5.0.0-beta1",
      "resolved": "https://registry.npmjs.org/bootstrap/-/bootstrap-5.0.0-beta1.tgz",
      "integrity": "sha512-UrHApw/WRmT7l2rlDdn5iXr7Jps/LlMZtJlLn9G41aGDfss48hyDeYyHtX1C6NHKVcmdUarGG+ve0LZB5iHyTQ=="
    },
    "prettier": {
      "version": "1.19.1",
      "resolved": "https://registry.npmjs.org/prettier/-/prettier-1.19.1.tgz",
      "integrity": "sha512-s7PoyDv/II1ObgQunCbB9PdLmUcBZcnWOcxDh7O0N/UwDEsHyqkW+Qh28jW+mVuCdx7gLB0BotYI1Y6uI9iyew==",
      "dev": true
    }
  }
}
